// !$*UTF8*$!
{
	archiveVersion = 1;
	classes = {
	};
	objectVersion = 56;
	objects = {

/* Begin PBXBuildFile section */
		236E6B6C2AAE9932008A0973 /* AppDelegate.swift in Sources */ = {isa = PBXBuildFile; fileRef = 236E6B6B2AAE9932008A0973 /* AppDelegate.swift */; };
		236E6B6E2AAE9932008A0973 /* SceneDelegate.swift in Sources */ = {isa = PBXBuildFile; fileRef = 236E6B6D2AAE9932008A0973 /* SceneDelegate.swift */; };
		236E6B702AAE9932008A0973 /* ViewController.swift in Sources */ = {isa = PBXBuildFile; fileRef = 236E6B6F2AAE9932008A0973 /* ViewController.swift */; };
		236E6B732AAE9932008A0973 /* Main.storyboard in Resources */ = {isa = PBXBuildFile; fileRef = 236E6B712AAE9932008A0973 /* Main.storyboard */; };
		236E6B752AAE9935008A0973 /* Assets.xcassets in Resources */ = {isa = PBXBuildFile; fileRef = 236E6B742AAE9935008A0973 /* Assets.xcassets */; };
		236E6B782AAE9935008A0973 /* LaunchScreen.storyboard in Resources */ = {isa = PBXBuildFile; fileRef = 236E6B762AAE9935008A0973 /* LaunchScreen.storyboard */; };
		236E6B872AAEAE25008A0973 /* Localizable.strings in Resources */ = {isa = PBXBuildFile; fileRef = 236E6B892AAEAE25008A0973 /* Localizable.strings */; };
		236E6B8D2AAEBAB3008A0973 /* String+Extension.swift in Sources */ = {isa = PBXBuildFile; fileRef = 236E6B8C2AAEBAB3008A0973 /* String+Extension.swift */; };
		236E6B922AAEBDE5008A0973 /* InfoPlist.strings in Resources */ = {isa = PBXBuildFile; fileRef = 236E6B942AAEBDE5008A0973 /* InfoPlist.strings */; };
		236E6BA22AAFF2FC008A0973 /* Observable.swift in Sources */ = {isa = PBXBuildFile; fileRef = 236E6BA12AAFF2FC008A0973 /* Observable.swift */; };
		236E6BA62AAFF5B5008A0973 /* LoginViewController.swift in Sources */ = {isa = PBXBuildFile; fileRef = 236E6BA52AAFF5B5008A0973 /* LoginViewController.swift */; };
		236E6BA82AAFFDEB008A0973 /* SampleViewController.swift in Sources */ = {isa = PBXBuildFile; fileRef = 236E6BA72AAFFDEB008A0973 /* SampleViewController.swift */; };
		236E6BAA2AB00159008A0973 /* SampleViewModel.swift in Sources */ = {isa = PBXBuildFile; fileRef = 236E6BA92AB00159008A0973 /* SampleViewModel.swift */; };
		236E6BAC2AB00E42008A0973 /* LoginViewModel.swift in Sources */ = {isa = PBXBuildFile; fileRef = 236E6BAB2AB00E42008A0973 /* LoginViewModel.swift */; };
		236E6BAF2AB02A51008A0973 /* Photo.swift in Sources */ = {isa = PBXBuildFile; fileRef = 236E6BAE2AB02A51008A0973 /* Photo.swift */; };
		236E6BB12AB02A5B008A0973 /* APIService.swift in Sources */ = {isa = PBXBuildFile; fileRef = 236E6BB02AB02A5B008A0973 /* APIService.swift */; };
		236E6BB32AB02B4E008A0973 /* PhotoViewController.swift in Sources */ = {isa = PBXBuildFile; fileRef = 236E6BB22AB02B4E008A0973 /* PhotoViewController.swift */; };
		236E6BB52AB02DA5008A0973 /* PhotoViewModel.swift in Sources */ = {isa = PBXBuildFile; fileRef = 236E6BB42AB02DA5008A0973 /* PhotoViewModel.swift */; };
		236E6BB72AB06E9C008A0973 /* PhotoTableViewCell.swift in Sources */ = {isa = PBXBuildFile; fileRef = 236E6BB62AB06E9C008A0973 /* PhotoTableViewCell.swift */; };
		236E6BF12AB139E7008A0973 /* CalculateViewController.swift in Sources */ = {isa = PBXBuildFile; fileRef = 236E6BF02AB139E7008A0973 /* CalculateViewController.swift */; };
		236E6BF32AB13AA1008A0973 /* CalculaterViewModel.swift in Sources */ = {isa = PBXBuildFile; fileRef = 236E6BF22AB13AA1008A0973 /* CalculaterViewModel.swift */; };
		236E6BF52AB13DAF008A0973 /* SojinObservable.swift in Sources */ = {isa = PBXBuildFile; fileRef = 236E6BF42AB13DAF008A0973 /* SojinObservable.swift */; };
		236E6C032AB296F5008A0973 /* SimpleTableViewController.swift in Sources */ = {isa = PBXBuildFile; fileRef = 236E6C022AB296F5008A0973 /* SimpleTableViewController.swift */; };
		236E6C052AB2A004008A0973 /* SimpleCollectionViewController.swift in Sources */ = {isa = PBXBuildFile; fileRef = 236E6C042AB2A004008A0973 /* SimpleCollectionViewController.swift */; };
		236E6C082AB2A9DA008A0973 /* SnapKit in Frameworks */ = {isa = PBXBuildFile; productRef = 236E6C072AB2A9DA008A0973 /* SnapKit */; };
		236E6C252AB7D340008A0973 /* NumberViewController.swift in Sources */ = {isa = PBXBuildFile; fileRef = 236E6C242AB7D340008A0973 /* NumberViewController.swift */; };
		236E6C272AB7D926008A0973 /* NumberViewModel.swift in Sources */ = {isa = PBXBuildFile; fileRef = 236E6C262AB7D926008A0973 /* NumberViewModel.swift */; };
		236E6C292AB7E798008A0973 /* SimpleViewModel.swift in Sources */ = {isa = PBXBuildFile; fileRef = 236E6C282AB7E798008A0973 /* SimpleViewModel.swift */; };
/* End PBXBuildFile section */

/* Begin PBXFileReference section */
		236E6B682AAE9932008A0973 /* UnsplashProject.app */ = {isa = PBXFileReference; explicitFileType = wrapper.application; includeInIndex = 0; path = UnsplashProject.app; sourceTree = BUILT_PRODUCTS_DIR; };
		236E6B6B2AAE9932008A0973 /* AppDelegate.swift */ = {isa = PBXFileReference; lastKnownFileType = sourcecode.swift; path = AppDelegate.swift; sourceTree = "<group>"; };
		236E6B6D2AAE9932008A0973 /* SceneDelegate.swift */ = {isa = PBXFileReference; lastKnownFileType = sourcecode.swift; path = SceneDelegate.swift; sourceTree = "<group>"; };
		236E6B6F2AAE9932008A0973 /* ViewController.swift */ = {isa = PBXFileReference; lastKnownFileType = sourcecode.swift; path = ViewController.swift; sourceTree = "<group>"; };
		236E6B722AAE9932008A0973 /* Base */ = {isa = PBXFileReference; lastKnownFileType = file.storyboard; name = Base; path = Base.lproj/Main.storyboard; sourceTree = "<group>"; };
		236E6B742AAE9935008A0973 /* Assets.xcassets */ = {isa = PBXFileReference; lastKnownFileType = folder.assetcatalog; path = Assets.xcassets; sourceTree = "<group>"; };
		236E6B772AAE9935008A0973 /* Base */ = {isa = PBXFileReference; lastKnownFileType = file.storyboard; name = Base; path = Base.lproj/LaunchScreen.storyboard; sourceTree = "<group>"; };
		236E6B792AAE9935008A0973 /* Info.plist */ = {isa = PBXFileReference; lastKnownFileType = text.plist.xml; path = Info.plist; sourceTree = "<group>"; };
		236E6B7F2AAE9CB8008A0973 /* ko */ = {isa = PBXFileReference; lastKnownFileType = text.plist.strings; name = ko; path = ko.lproj/Main.strings; sourceTree = "<group>"; };
		236E6B802AAE9CB8008A0973 /* ko */ = {isa = PBXFileReference; lastKnownFileType = text.plist.strings; name = ko; path = ko.lproj/LaunchScreen.strings; sourceTree = "<group>"; };
		236E6B812AAE9CC0008A0973 /* ja */ = {isa = PBXFileReference; lastKnownFileType = text.plist.strings; name = ja; path = ja.lproj/Main.strings; sourceTree = "<group>"; };
		236E6B822AAE9CC0008A0973 /* ja */ = {isa = PBXFileReference; lastKnownFileType = text.plist.strings; name = ja; path = ja.lproj/LaunchScreen.strings; sourceTree = "<group>"; };
		236E6B842AAE9DB5008A0973 /* en */ = {isa = PBXFileReference; lastKnownFileType = text.plist.strings; name = en; path = en.lproj/Main.strings; sourceTree = "<group>"; };
		236E6B882AAEAE25008A0973 /* en */ = {isa = PBXFileReference; lastKnownFileType = text.plist.strings; name = en; path = en.lproj/Localizable.strings; sourceTree = "<group>"; };
		236E6B8A2AAEAE34008A0973 /* ja */ = {isa = PBXFileReference; lastKnownFileType = text.plist.strings; name = ja; path = ja.lproj/Localizable.strings; sourceTree = "<group>"; };
		236E6B8B2AAEAE34008A0973 /* ko */ = {isa = PBXFileReference; lastKnownFileType = text.plist.strings; name = ko; path = ko.lproj/Localizable.strings; sourceTree = "<group>"; };
		236E6B8C2AAEBAB3008A0973 /* String+Extension.swift */ = {isa = PBXFileReference; lastKnownFileType = sourcecode.swift; path = "String+Extension.swift"; sourceTree = "<group>"; };
		236E6B932AAEBDE5008A0973 /* en */ = {isa = PBXFileReference; lastKnownFileType = text.plist.strings; name = en; path = en.lproj/InfoPlist.strings; sourceTree = "<group>"; };
		236E6B952AAEBDF0008A0973 /* ja */ = {isa = PBXFileReference; lastKnownFileType = text.plist.strings; name = ja; path = ja.lproj/InfoPlist.strings; sourceTree = "<group>"; };
		236E6B962AAEBDF4008A0973 /* ko */ = {isa = PBXFileReference; lastKnownFileType = text.plist.strings; name = ko; path = ko.lproj/InfoPlist.strings; sourceTree = "<group>"; };
		236E6BA12AAFF2FC008A0973 /* Observable.swift */ = {isa = PBXFileReference; lastKnownFileType = sourcecode.swift; path = Observable.swift; sourceTree = "<group>"; };
		236E6BA52AAFF5B5008A0973 /* LoginViewController.swift */ = {isa = PBXFileReference; lastKnownFileType = sourcecode.swift; path = LoginViewController.swift; sourceTree = "<group>"; };
		236E6BA72AAFFDEB008A0973 /* SampleViewController.swift */ = {isa = PBXFileReference; lastKnownFileType = sourcecode.swift; path = SampleViewController.swift; sourceTree = "<group>"; };
		236E6BA92AB00159008A0973 /* SampleViewModel.swift */ = {isa = PBXFileReference; lastKnownFileType = sourcecode.swift; path = SampleViewModel.swift; sourceTree = "<group>"; };
		236E6BAB2AB00E42008A0973 /* LoginViewModel.swift */ = {isa = PBXFileReference; lastKnownFileType = sourcecode.swift; path = LoginViewModel.swift; sourceTree = "<group>"; };
		236E6BAE2AB02A51008A0973 /* Photo.swift */ = {isa = PBXFileReference; lastKnownFileType = sourcecode.swift; path = Photo.swift; sourceTree = "<group>"; };
		236E6BB02AB02A5B008A0973 /* APIService.swift */ = {isa = PBXFileReference; lastKnownFileType = sourcecode.swift; path = APIService.swift; sourceTree = "<group>"; };
		236E6BB22AB02B4E008A0973 /* PhotoViewController.swift */ = {isa = PBXFileReference; lastKnownFileType = sourcecode.swift; path = PhotoViewController.swift; sourceTree = "<group>"; };
		236E6BB42AB02DA5008A0973 /* PhotoViewModel.swift */ = {isa = PBXFileReference; lastKnownFileType = sourcecode.swift; path = PhotoViewModel.swift; sourceTree = "<group>"; };
		236E6BB62AB06E9C008A0973 /* PhotoTableViewCell.swift */ = {isa = PBXFileReference; lastKnownFileType = sourcecode.swift; path = PhotoTableViewCell.swift; sourceTree = "<group>"; };
		236E6BF02AB139E7008A0973 /* CalculateViewController.swift */ = {isa = PBXFileReference; lastKnownFileType = sourcecode.swift; path = CalculateViewController.swift; sourceTree = "<group>"; };
		236E6BF22AB13AA1008A0973 /* CalculaterViewModel.swift */ = {isa = PBXFileReference; lastKnownFileType = sourcecode.swift; path = CalculaterViewModel.swift; sourceTree = "<group>"; };
		236E6BF42AB13DAF008A0973 /* SojinObservable.swift */ = {isa = PBXFileReference; lastKnownFileType = sourcecode.swift; path = SojinObservable.swift; sourceTree = "<group>"; };
		236E6C022AB296F5008A0973 /* SimpleTableViewController.swift */ = {isa = PBXFileReference; lastKnownFileType = sourcecode.swift; path = SimpleTableViewController.swift; sourceTree = "<group>"; };
		236E6C042AB2A004008A0973 /* SimpleCollectionViewController.swift */ = {isa = PBXFileReference; lastKnownFileType = sourcecode.swift; path = SimpleCollectionViewController.swift; sourceTree = "<group>"; };
		236E6C242AB7D340008A0973 /* NumberViewController.swift */ = {isa = PBXFileReference; lastKnownFileType = sourcecode.swift; path = NumberViewController.swift; sourceTree = "<group>"; };
		236E6C262AB7D926008A0973 /* NumberViewModel.swift */ = {isa = PBXFileReference; lastKnownFileType = sourcecode.swift; path = NumberViewModel.swift; sourceTree = "<group>"; };
		236E6C282AB7E798008A0973 /* SimpleViewModel.swift */ = {isa = PBXFileReference; lastKnownFileType = sourcecode.swift; path = SimpleViewModel.swift; sourceTree = "<group>"; };
/* End PBXFileReference section */

/* Begin PBXFrameworksBuildPhase section */
		236E6B652AAE9932008A0973 /* Frameworks */ = {
			isa = PBXFrameworksBuildPhase;
			buildActionMask = 2147483647;
			files = (
				236E6C082AB2A9DA008A0973 /* SnapKit in Frameworks */,
			);
			runOnlyForDeploymentPostprocessing = 0;
		};
/* End PBXFrameworksBuildPhase section */

/* Begin PBXGroup section */
		236E6B5F2AAE9931008A0973 = {
			isa = PBXGroup;
			children = (
				236E6B6A2AAE9932008A0973 /* UnsplashProject */,
				236E6B692AAE9932008A0973 /* Products */,
			);
			sourceTree = "<group>";
		};
		236E6B692AAE9932008A0973 /* Products */ = {
			isa = PBXGroup;
			children = (
				236E6B682AAE9932008A0973 /* UnsplashProject.app */,
			);
			name = Products;
			sourceTree = "<group>";
		};
		236E6B6A2AAE9932008A0973 /* UnsplashProject */ = {
			isa = PBXGroup;
			children = (
				236E6C012AB296DB008A0973 /* New */,
				236E6BEF2AB139B4008A0973 /* Calculate */,
				236E6BAD2AB02A44008A0973 /* Photo */,
				236E6B9E2AAFED3C008A0973 /* Login */,
				236E6B6B2AAE9932008A0973 /* AppDelegate.swift */,
				236E6B6D2AAE9932008A0973 /* SceneDelegate.swift */,
				236E6B6F2AAE9932008A0973 /* ViewController.swift */,
				236E6B712AAE9932008A0973 /* Main.storyboard */,
				236E6B742AAE9935008A0973 /* Assets.xcassets */,
				236E6B762AAE9935008A0973 /* LaunchScreen.storyboard */,
				236E6B792AAE9935008A0973 /* Info.plist */,
				236E6B892AAEAE25008A0973 /* Localizable.strings */,
				236E6B8C2AAEBAB3008A0973 /* String+Extension.swift */,
				236E6B942AAEBDE5008A0973 /* InfoPlist.strings */,
			);
			path = UnsplashProject;
			sourceTree = "<group>";
		};
		236E6B9E2AAFED3C008A0973 /* Login */ = {
			isa = PBXGroup;
			children = (
				236E6BA12AAFF2FC008A0973 /* Observable.swift */,
				236E6BA52AAFF5B5008A0973 /* LoginViewController.swift */,
				236E6BA72AAFFDEB008A0973 /* SampleViewController.swift */,
				236E6BA92AB00159008A0973 /* SampleViewModel.swift */,
				236E6BAB2AB00E42008A0973 /* LoginViewModel.swift */,
				236E6C242AB7D340008A0973 /* NumberViewController.swift */,
				236E6C262AB7D926008A0973 /* NumberViewModel.swift */,
			);
			path = Login;
			sourceTree = "<group>";
		};
		236E6BAD2AB02A44008A0973 /* Photo */ = {
			isa = PBXGroup;
			children = (
				236E6BAE2AB02A51008A0973 /* Photo.swift */,
				236E6BB02AB02A5B008A0973 /* APIService.swift */,
				236E6BB22AB02B4E008A0973 /* PhotoViewController.swift */,
				236E6BB42AB02DA5008A0973 /* PhotoViewModel.swift */,
				236E6BB62AB06E9C008A0973 /* PhotoTableViewCell.swift */,
			);
			path = Photo;
			sourceTree = "<group>";
		};
		236E6BEF2AB139B4008A0973 /* Calculate */ = {
			isa = PBXGroup;
			children = (
				236E6BF02AB139E7008A0973 /* CalculateViewController.swift */,
				236E6BF22AB13AA1008A0973 /* CalculaterViewModel.swift */,
				236E6BF42AB13DAF008A0973 /* SojinObservable.swift */,
			);
			path = Calculate;
			sourceTree = "<group>";
		};
		236E6C012AB296DB008A0973 /* New */ = {
			isa = PBXGroup;
			children = (
				236E6C022AB296F5008A0973 /* SimpleTableViewController.swift */,
				236E6C042AB2A004008A0973 /* SimpleCollectionViewController.swift */,
				236E6C282AB7E798008A0973 /* SimpleViewModel.swift */,
			);
			path = New;
			sourceTree = "<group>";
		};
/* End PBXGroup section */

/* Begin PBXNativeTarget section */
		236E6B672AAE9932008A0973 /* UnsplashProject */ = {
			isa = PBXNativeTarget;
			buildConfigurationList = 236E6B7C2AAE9935008A0973 /* Build configuration list for PBXNativeTarget "UnsplashProject" */;
			buildPhases = (
				236E6B642AAE9932008A0973 /* Sources */,
				236E6B652AAE9932008A0973 /* Frameworks */,
				236E6B662AAE9932008A0973 /* Resources */,
			);
			buildRules = (
			);
			dependencies = (
			);
			name = UnsplashProject;
			packageProductDependencies = (
				236E6C072AB2A9DA008A0973 /* SnapKit */,
			);
			productName = UnsplashProject;
			productReference = 236E6B682AAE9932008A0973 /* UnsplashProject.app */;
			productType = "com.apple.product-type.application";
		};
/* End PBXNativeTarget section */

/* Begin PBXProject section */
		236E6B602AAE9931008A0973 /* Project object */ = {
			isa = PBXProject;
			attributes = {
				BuildIndependentTargetsInParallel = 1;
				LastSwiftUpdateCheck = 1430;
				LastUpgradeCheck = 1430;
				TargetAttributes = {
					236E6B672AAE9932008A0973 = {
						CreatedOnToolsVersion = 14.3.1;
					};
				};
			};
			buildConfigurationList = 236E6B632AAE9931008A0973 /* Build configuration list for PBXProject "UnsplashProject" */;
			compatibilityVersion = "Xcode 14.0";
			developmentRegion = en;
			hasScannedForEncodings = 0;
			knownRegions = (
				en,
				Base,
				ko,
				ja,
			);
			mainGroup = 236E6B5F2AAE9931008A0973;
			packageReferences = (
				236E6C062AB2A9DA008A0973 /* XCRemoteSwiftPackageReference "SnapKit" */,
			);
			productRefGroup = 236E6B692AAE9932008A0973 /* Products */;
			projectDirPath = "";
			projectRoot = "";
			targets = (
				236E6B672AAE9932008A0973 /* UnsplashProject */,
			);
		};
/* End PBXProject section */

/* Begin PBXResourcesBuildPhase section */
		236E6B662AAE9932008A0973 /* Resources */ = {
			isa = PBXResourcesBuildPhase;
			buildActionMask = 2147483647;
			files = (
				236E6B782AAE9935008A0973 /* LaunchScreen.storyboard in Resources */,
				236E6B872AAEAE25008A0973 /* Localizable.strings in Resources */,
				236E6B752AAE9935008A0973 /* Assets.xcassets in Resources */,
				236E6B732AAE9932008A0973 /* Main.storyboard in Resources */,
				236E6B922AAEBDE5008A0973 /* InfoPlist.strings in Resources */,
			);
			runOnlyForDeploymentPostprocessing = 0;
		};
/* End PBXResourcesBuildPhase section */

/* Begin PBXSourcesBuildPhase section */
		236E6B642AAE9932008A0973 /* Sources */ = {
			isa = PBXSourcesBuildPhase;
			buildActionMask = 2147483647;
			files = (
				236E6BF32AB13AA1008A0973 /* CalculaterViewModel.swift in Sources */,
				236E6BF52AB13DAF008A0973 /* SojinObservable.swift in Sources */,
				236E6BB72AB06E9C008A0973 /* PhotoTableViewCell.swift in Sources */,
				236E6B8D2AAEBAB3008A0973 /* String+Extension.swift in Sources */,
				236E6B702AAE9932008A0973 /* ViewController.swift in Sources */,
				236E6B6C2AAE9932008A0973 /* AppDelegate.swift in Sources */,
				236E6C272AB7D926008A0973 /* NumberViewModel.swift in Sources */,
				236E6BA22AAFF2FC008A0973 /* Observable.swift in Sources */,
				236E6BB12AB02A5B008A0973 /* APIService.swift in Sources */,
				236E6BB32AB02B4E008A0973 /* PhotoViewController.swift in Sources */,
				236E6C252AB7D340008A0973 /* NumberViewController.swift in Sources */,
				236E6BAF2AB02A51008A0973 /* Photo.swift in Sources */,
				236E6BF12AB139E7008A0973 /* CalculateViewController.swift in Sources */,
				236E6BA62AAFF5B5008A0973 /* LoginViewController.swift in Sources */,
				236E6B6E2AAE9932008A0973 /* SceneDelegate.swift in Sources */,
				236E6BAA2AB00159008A0973 /* SampleViewModel.swift in Sources */,
				236E6C052AB2A004008A0973 /* SimpleCollectionViewController.swift in Sources */,
				236E6BB52AB02DA5008A0973 /* PhotoViewModel.swift in Sources */,
				236E6C292AB7E798008A0973 /* SimpleViewModel.swift in Sources */,
				236E6C032AB296F5008A0973 /* SimpleTableViewController.swift in Sources */,
				236E6BA82AAFFDEB008A0973 /* SampleViewController.swift in Sources */,
				236E6BAC2AB00E42008A0973 /* LoginViewModel.swift in Sources */,
			);
			runOnlyForDeploymentPostprocessing = 0;
		};
/* End PBXSourcesBuildPhase section */

/* Begin PBXVariantGroup section */
		236E6B712AAE9932008A0973 /* Main.storyboard */ = {
			isa = PBXVariantGroup;
			children = (
				236E6B722AAE9932008A0973 /* Base */,
				236E6B7F2AAE9CB8008A0973 /* ko */,
				236E6B812AAE9CC0008A0973 /* ja */,
				236E6B842AAE9DB5008A0973 /* en */,
			);
			name = Main.storyboard;
			sourceTree = "<group>";
		};
		236E6B762AAE9935008A0973 /* LaunchScreen.storyboard */ = {
			isa = PBXVariantGroup;
			children = (
				236E6B772AAE9935008A0973 /* Base */,
				236E6B802AAE9CB8008A0973 /* ko */,
				236E6B822AAE9CC0008A0973 /* ja */,
			);
			name = LaunchScreen.storyboard;
			sourceTree = "<group>";
		};
		236E6B892AAEAE25008A0973 /* Localizable.strings */ = {
			isa = PBXVariantGroup;
			children = (
				236E6B882AAEAE25008A0973 /* en */,
				236E6B8A2AAEAE34008A0973 /* ja */,
				236E6B8B2AAEAE34008A0973 /* ko */,
			);
			name = Localizable.strings;
			sourceTree = "<group>";
		};
		236E6B942AAEBDE5008A0973 /* InfoPlist.strings */ = {
			isa = PBXVariantGroup;
			children = (
				236E6B932AAEBDE5008A0973 /* en */,
				236E6B952AAEBDF0008A0973 /* ja */,
				236E6B962AAEBDF4008A0973 /* ko */,
			);
			name = InfoPlist.strings;
			sourceTree = "<group>";
		};
/* End PBXVariantGroup section */

/* Begin XCBuildConfiguration section */
		236E6B7A2AAE9935008A0973 /* Debug */ = {
			isa = XCBuildConfiguration;
			buildSettings = {
				ALWAYS_SEARCH_USER_PATHS = NO;
				CLANG_ANALYZER_LOCALIZABILITY_NONLOCALIZED = YES;
				CLANG_ANALYZER_NONNULL = YES;
				CLANG_ANALYZER_NUMBER_OBJECT_CONVERSION = YES_AGGRESSIVE;
				CLANG_CXX_LANGUAGE_STANDARD = "gnu++20";
				CLANG_ENABLE_MODULES = YES;
				CLANG_ENABLE_OBJC_ARC = YES;
				CLANG_ENABLE_OBJC_WEAK = YES;
				CLANG_WARN_BLOCK_CAPTURE_AUTORELEASING = YES;
				CLANG_WARN_BOOL_CONVERSION = YES;
				CLANG_WARN_COMMA = YES;
				CLANG_WARN_CONSTANT_CONVERSION = YES;
				CLANG_WARN_DEPRECATED_OBJC_IMPLEMENTATIONS = YES;
				CLANG_WARN_DIRECT_OBJC_ISA_USAGE = YES_ERROR;
				CLANG_WARN_DOCUMENTATION_COMMENTS = YES;
				CLANG_WARN_EMPTY_BODY = YES;
				CLANG_WARN_ENUM_CONVERSION = YES;
				CLANG_WARN_INFINITE_RECURSION = YES;
				CLANG_WARN_INT_CONVERSION = YES;
				CLANG_WARN_NON_LITERAL_NULL_CONVERSION = YES;
				CLANG_WARN_OBJC_IMPLICIT_RETAIN_SELF = YES;
				CLANG_WARN_OBJC_LITERAL_CONVERSION = YES;
				CLANG_WARN_OBJC_ROOT_CLASS = YES_ERROR;
				CLANG_WARN_QUOTED_INCLUDE_IN_FRAMEWORK_HEADER = YES;
				CLANG_WARN_RANGE_LOOP_ANALYSIS = YES;
				CLANG_WARN_STRICT_PROTOTYPES = YES;
				CLANG_WARN_SUSPICIOUS_MOVE = YES;
				CLANG_WARN_UNGUARDED_AVAILABILITY = YES_AGGRESSIVE;
				CLANG_WARN_UNREACHABLE_CODE = YES;
				CLANG_WARN__DUPLICATE_METHOD_MATCH = YES;
				COPY_PHASE_STRIP = NO;
				DEBUG_INFORMATION_FORMAT = dwarf;
				ENABLE_STRICT_OBJC_MSGSEND = YES;
				ENABLE_TESTABILITY = YES;
				GCC_C_LANGUAGE_STANDARD = gnu11;
				GCC_DYNAMIC_NO_PIC = NO;
				GCC_NO_COMMON_BLOCKS = YES;
				GCC_OPTIMIZATION_LEVEL = 0;
				GCC_PREPROCESSOR_DEFINITIONS = (
					"DEBUG=1",
					"$(inherited)",
				);
				GCC_WARN_64_TO_32_BIT_CONVERSION = YES;
				GCC_WARN_ABOUT_RETURN_TYPE = YES_ERROR;
				GCC_WARN_UNDECLARED_SELECTOR = YES;
				GCC_WARN_UNINITIALIZED_AUTOS = YES_AGGRESSIVE;
				GCC_WARN_UNUSED_FUNCTION = YES;
				GCC_WARN_UNUSED_VARIABLE = YES;
				IPHONEOS_DEPLOYMENT_TARGET = 16.4;
				MTL_ENABLE_DEBUG_INFO = INCLUDE_SOURCE;
				MTL_FAST_MATH = YES;
				ONLY_ACTIVE_ARCH = YES;
				SDKROOT = iphoneos;
				SWIFT_ACTIVE_COMPILATION_CONDITIONS = DEBUG;
				SWIFT_OPTIMIZATION_LEVEL = "-Onone";
			};
			name = Debug;
		};
		236E6B7B2AAE9935008A0973 /* Release */ = {
			isa = XCBuildConfiguration;
			buildSettings = {
				ALWAYS_SEARCH_USER_PATHS = NO;
				CLANG_ANALYZER_LOCALIZABILITY_NONLOCALIZED = YES;
				CLANG_ANALYZER_NONNULL = YES;
				CLANG_ANALYZER_NUMBER_OBJECT_CONVERSION = YES_AGGRESSIVE;
				CLANG_CXX_LANGUAGE_STANDARD = "gnu++20";
				CLANG_ENABLE_MODULES = YES;
				CLANG_ENABLE_OBJC_ARC = YES;
				CLANG_ENABLE_OBJC_WEAK = YES;
				CLANG_WARN_BLOCK_CAPTURE_AUTORELEASING = YES;
				CLANG_WARN_BOOL_CONVERSION = YES;
				CLANG_WARN_COMMA = YES;
				CLANG_WARN_CONSTANT_CONVERSION = YES;
				CLANG_WARN_DEPRECATED_OBJC_IMPLEMENTATIONS = YES;
				CLANG_WARN_DIRECT_OBJC_ISA_USAGE = YES_ERROR;
				CLANG_WARN_DOCUMENTATION_COMMENTS = YES;
				CLANG_WARN_EMPTY_BODY = YES;
				CLANG_WARN_ENUM_CONVERSION = YES;
				CLANG_WARN_INFINITE_RECURSION = YES;
				CLANG_WARN_INT_CONVERSION = YES;
				CLANG_WARN_NON_LITERAL_NULL_CONVERSION = YES;
				CLANG_WARN_OBJC_IMPLICIT_RETAIN_SELF = YES;
				CLANG_WARN_OBJC_LITERAL_CONVERSION = YES;
				CLANG_WARN_OBJC_ROOT_CLASS = YES_ERROR;
				CLANG_WARN_QUOTED_INCLUDE_IN_FRAMEWORK_HEADER = YES;
				CLANG_WARN_RANGE_LOOP_ANALYSIS = YES;
				CLANG_WARN_STRICT_PROTOTYPES = YES;
				CLANG_WARN_SUSPICIOUS_MOVE = YES;
				CLANG_WARN_UNGUARDED_AVAILABILITY = YES_AGGRESSIVE;
				CLANG_WARN_UNREACHABLE_CODE = YES;
				CLANG_WARN__DUPLICATE_METHOD_MATCH = YES;
				COPY_PHASE_STRIP = NO;
				DEBUG_INFORMATION_FORMAT = "dwarf-with-dsym";
				ENABLE_NS_ASSERTIONS = NO;
				ENABLE_STRICT_OBJC_MSGSEND = YES;
				GCC_C_LANGUAGE_STANDARD = gnu11;
				GCC_NO_COMMON_BLOCKS = YES;
				GCC_WARN_64_TO_32_BIT_CONVERSION = YES;
				GCC_WARN_ABOUT_RETURN_TYPE = YES_ERROR;
				GCC_WARN_UNDECLARED_SELECTOR = YES;
				GCC_WARN_UNINITIALIZED_AUTOS = YES_AGGRESSIVE;
				GCC_WARN_UNUSED_FUNCTION = YES;
				GCC_WARN_UNUSED_VARIABLE = YES;
				IPHONEOS_DEPLOYMENT_TARGET = 16.4;
				MTL_ENABLE_DEBUG_INFO = NO;
				MTL_FAST_MATH = YES;
				SDKROOT = iphoneos;
				SWIFT_COMPILATION_MODE = wholemodule;
				SWIFT_OPTIMIZATION_LEVEL = "-O";
				VALIDATE_PRODUCT = YES;
			};
			name = Release;
		};
		236E6B7D2AAE9935008A0973 /* Debug */ = {
			isa = XCBuildConfiguration;
			buildSettings = {
				ASSETCATALOG_COMPILER_APPICON_NAME = AppIcon;
				ASSETCATALOG_COMPILER_GLOBAL_ACCENT_COLOR_NAME = AccentColor;
				CODE_SIGN_STYLE = Automatic;
				CURRENT_PROJECT_VERSION = 1;
				DEVELOPMENT_TEAM = XG2N7C4BNF;
				GENERATE_INFOPLIST_FILE = YES;
				INFOPLIST_FILE = UnsplashProject/Info.plist;
				INFOPLIST_KEY_UIApplicationSupportsIndirectInputEvents = YES;
				INFOPLIST_KEY_UILaunchStoryboardName = LaunchScreen;
				INFOPLIST_KEY_UIMainStoryboardFile = Main;
				INFOPLIST_KEY_UISupportedInterfaceOrientations_iPad = "UIInterfaceOrientationPortrait UIInterfaceOrientationPortraitUpsideDown UIInterfaceOrientationLandscapeLeft UIInterfaceOrientationLandscapeRight";
				INFOPLIST_KEY_UISupportedInterfaceOrientations_iPhone = "UIInterfaceOrientationPortrait UIInterfaceOrientationLandscapeLeft UIInterfaceOrientationLandscapeRight";
				LD_RUNPATH_SEARCH_PATHS = (
					"$(inherited)",
					"@executable_path/Frameworks",
				);
				MARKETING_VERSION = 1.0;
				PRODUCT_BUNDLE_IDENTIFIER = doryb.UnsplashProject;
				PRODUCT_NAME = "$(TARGET_NAME)";
				SWIFT_EMIT_LOC_STRINGS = YES;
				SWIFT_VERSION = 5.0;
				TARGETED_DEVICE_FAMILY = "1,2";
			};
			name = Debug;
		};
		236E6B7E2AAE9935008A0973 /* Release */ = {
			isa = XCBuildConfiguration;
			buildSettings = {
				ASSETCATALOG_COMPILER_APPICON_NAME = AppIcon;
				ASSETCATALOG_COMPILER_GLOBAL_ACCENT_COLOR_NAME = AccentColor;
				CODE_SIGN_STYLE = Automatic;
				CURRENT_PROJECT_VERSION = 1;
				DEVELOPMENT_TEAM = XG2N7C4BNF;
				GENERATE_INFOPLIST_FILE = YES;
				INFOPLIST_FILE = UnsplashProject/Info.plist;
				INFOPLIST_KEY_UIApplicationSupportsIndirectInputEvents = YES;
				INFOPLIST_KEY_UILaunchStoryboardName = LaunchScreen;
				INFOPLIST_KEY_UIMainStoryboardFile = Main;
				INFOPLIST_KEY_UISupportedInterfaceOrientations_iPad = "UIInterfaceOrientationPortrait UIInterfaceOrientationPortraitUpsideDown UIInterfaceOrientationLandscapeLeft UIInterfaceOrientationLandscapeRight";
				INFOPLIST_KEY_UISupportedInterfaceOrientations_iPhone = "UIInterfaceOrientationPortrait UIInterfaceOrientationLandscapeLeft UIInterfaceOrientationLandscapeRight";
				LD_RUNPATH_SEARCH_PATHS = (
					"$(inherited)",
					"@executable_path/Frameworks",
				);
				MARKETING_VERSION = 1.0;
				PRODUCT_BUNDLE_IDENTIFIER = doryb.UnsplashProject;
				PRODUCT_NAME = "$(TARGET_NAME)";
				SWIFT_EMIT_LOC_STRINGS = YES;
				SWIFT_VERSION = 5.0;
				TARGETED_DEVICE_FAMILY = "1,2";
			};
			name = Release;
		};
/* End XCBuildConfiguration section */

/* Begin XCConfigurationList section */
		236E6B632AAE9931008A0973 /* Build configuration list for PBXProject "UnsplashProject" */ = {
			isa = XCConfigurationList;
			buildConfigurations = (
				236E6B7A2AAE9935008A0973 /* Debug */,
				236E6B7B2AAE9935008A0973 /* Release */,
			);
			defaultConfigurationIsVisible = 0;
			defaultConfigurationName = Release;
		};
		236E6B7C2AAE9935008A0973 /* Build configuration list for PBXNativeTarget "UnsplashProject" */ = {
			isa = XCConfigurationList;
			buildConfigurations = (
				236E6B7D2AAE9935008A0973 /* Debug */,
				236E6B7E2AAE9935008A0973 /* Release */,
			);
			defaultConfigurationIsVisible = 0;
			defaultConfigurationName = Release;
		};
/* End XCConfigurationList section */

/* Begin XCRemoteSwiftPackageReference section */
		236E6C062AB2A9DA008A0973 /* XCRemoteSwiftPackageReference "SnapKit" */ = {
			isa = XCRemoteSwiftPackageReference;
			repositoryURL = "https://github.com/SnapKit/SnapKit.git";
			requirement = {
				kind = upToNextMajorVersion;
				minimumVersion = 5.0.0;
			};
		};
/* End XCRemoteSwiftPackageReference section */

/* Begin XCSwiftPackageProductDependency section */
		236E6C072AB2A9DA008A0973 /* SnapKit */ = {
			isa = XCSwiftPackageProductDependency;
			package = 236E6C062AB2A9DA008A0973 /* XCRemoteSwiftPackageReference "SnapKit" */;
			productName = SnapKit;
		};
/* End XCSwiftPackageProductDependency section */
	};
	rootObject = 236E6B602AAE9931008A0973 /* Project object */;
}
